dependencies:
- name: alertmanager
  repository: https://prometheus-community.github.io/helm-charts
  version: 1.5.0
- name: kube-state-metrics
  repository: https://prometheus-community.github.io/helm-charts
  version: 5.10.1
- name: prometheus-node-exporter
  repository: https://prometheus-community.github.io/helm-charts
  version: 4.21.0
- name: prometheus-pushgateway
  repository: https://prometheus-community.github.io/helm-charts
  version: 2.4.0
digest: sha256:7e9806afa02d6b53547dc84d19f538f79837d02fa812032e4d2141db0bc47f57
generated: "2023-08-20T11:32:45.438385328+02:00"
